
Microsoft Visual Studio Solution File, Format Version 12.00
# Visual Studio Version 17
VisualStudioVersion = 17.11.35327.3
MinimumVisualStudioVersion = 10.0.40219.1
Project("{FAE04EC0-301F-11D3-BF4B-00C04F79EFBC}") = "Mîndrușcă_Ștefania_Lab1", "Mîndrușcă_Ștefania_Lab1.csproj", "{DD69309B-96CD-4B51-8852-DCA8C7027EAE}"
EndProject
Global
	GlobalSection(SolutionConfigurationPlatforms) = preSolution
		Debug|Any CPU = Debug|Any CPU
		Release|Any CPU = Release|Any CPU
	EndGlobalSection
	GlobalSection(ProjectConfigurationPlatforms) = postSolution
		{DD69309B-96CD-4B51-8852-DCA8C7027EAE}.Debug|Any CPU.ActiveCfg = Debug|Any CPU
		{DD69309B-96CD-4B51-8852-DCA8C7027EAE}.Debug|Any CPU.Build.0 = Debug|Any CPU
		{DD69309B-96CD-4B51-8852-DCA8C7027EAE}.Release|Any CPU.ActiveCfg = Release|Any CPU
		{DD69309B-96CD-4B51-8852-DCA8C7027EAE}.Release|Any CPU.Build.0 = Release|Any CPU
	EndGlobalSection
	GlobalSection(SolutionProperties) = preSolution
		HideSolutionNode = FALSE
	EndGlobalSection
	GlobalSection(ExtensibilityGlobals) = postSolution
		SolutionGuid = {37E2629C-C39F-48DD-80E5-BCF44AD12D7C}
	EndGlobalSection
EndGlobal
